# This file is automatically @generated by Cargo.
# It is not intended for manual editing.
[[package]]
name = "pin-project-internal"
version = "0.4.17"
dependencies = [
 "proc-macro2",
 "quote",
 "syn",
]

[[package]]
name = "proc-macro2"
version = "1.0.15"
source = "git+https://github.com/dtolnay/watt#05df82dc25158ffd63ad8f3c9e5718f94949df05"

[[package]]
name = "quote"
version = "1.0.6"
source = "registry+https://github.com/rust-lang/crates.io-index"
checksum = "54a21852a652ad6f610c9510194f398ff6f8692e334fd1145fed931f7fbe44ea"
dependencies = [
 "proc-macro2",
]

[[package]]
name = "syn"
version = "1.0.23"
source = "git+https://github.com/jakobhellermann/syn-watt#df95d8c397768c3691cf465dfbea0e33a4425a89"
dependencies = [
 "proc-macro2",
 "quote",
 "unicode-xid",
]

[[package]]
name = "unicode-xid"
version = "0.2.0"
source = "registry+https://github.com/rust-lang/crates.io-index"
checksum = "826e7639553986605ec5979c7dd957c7895e93eabed50ab2ffa7f6128a75097c"
